{
	"name": "@serenity-js/protractor",
	"version": "2.0.1-alpha.58",
	"lockfileVersion": 1,
	"requires": true,
	"dependencies": {
		"tiny-types": {
			"version": "1.12.1",
			"resolved": "https://registry.npmjs.org/tiny-types/-/tiny-types-1.12.1.tgz",
			"integrity": "sha512-KFq+zKqsYtCWPerq7cwB70W5f5I6uz2x6MRjj/of1LvhzhL7t4/40YpsHV6moDgYC/oLBfwklHB6EQyJfKdz+g==",
			"dev": true
		}
	}
}
