{
  "name": "@serenity-js/rest",
  "version": "0.0.1",
  "lockfileVersion": 1,
  "requires": true,
  "dependencies": {
    "@serenity-js/core": {
      "version": "1.5.4",
      "resolved": "https://registry.npmjs.org/@serenity-js/core/-/core-1.5.4.tgz",
      "integrity": "sha1-qD0h1I0ENOCuT3jNgJrQh/W66oU=",
      "requires": {
        "graceful-fs": "4.1.11",
        "lodash": "4.17.4",
        "mkdirp": "0.5.1",
        "moment": "2.18.1",
        "stacktrace-js": "2.0.0",
        "ts-md5": "1.2.0"
      }
    },
    "@types/axios": {
      "version": "0.14.0",
      "resolved": "https://registry.npmjs.org/@types/axios/-/axios-0.14.0.tgz",
      "integrity": "sha1-7CMA++fX3d1+udOr+HmZlkyvzkY=",
      "dev": true,
      "requires": {
        "axios": "0.17.1"
      }
    },
    "axios": {
      "version": "0.17.1",
      "resolved": "https://registry.npmjs.org/axios/-/axios-0.17.1.tgz",
      "integrity": "sha1-LY4+XQvb1zJ/kbyBT1xXZg+Bgk0=",
      "requires": {
        "follow-redirects": "1.2.6",
        "is-buffer": "1.1.6"
      }
    },
    "debug": {
      "version": "3.1.0",
      "resolved": "https://registry.npmjs.org/debug/-/debug-3.1.0.tgz",
      "integrity": "sha512-OX8XqP7/1a9cqkxYw2yXss15f26NKWBpDXQd0/uK/KPqdQhxbPa994hnzjcE2VqQpDslf55723cKPUOGSmMY3g==",
      "requires": {
        "ms": "2.0.0"
      }
    },
    "error-stack-parser": {
      "version": "2.0.1",
      "resolved": "https://registry.npmjs.org/error-stack-parser/-/error-stack-parser-2.0.1.tgz",
      "integrity": "sha1-oyArj7AxFKqbQKDjZp5IsrZaAQo=",
      "requires": {
        "stackframe": "1.0.4"
      }
    },
    "follow-redirects": {
      "version": "1.2.6",
      "resolved": "https://registry.npmjs.org/follow-redirects/-/follow-redirects-1.2.6.tgz",
      "integrity": "sha512-FrMqZ/FONtHnbqO651UPpfRUVukIEwJhXMfdr/JWAmrDbeYBu773b1J6gdWDyRIj4hvvzQEHoEOTrdR8o6KLYA==",
      "requires": {
        "debug": "3.1.0"
      }
    },
    "graceful-fs": {
      "version": "4.1.11",
      "resolved": "https://registry.npmjs.org/graceful-fs/-/graceful-fs-4.1.11.tgz",
      "integrity": "sha1-Dovf5NHduIVNZOBOp8AOKgJuVlg="
    },
    "is-buffer": {
      "version": "1.1.6",
      "resolved": "https://registry.npmjs.org/is-buffer/-/is-buffer-1.1.6.tgz",
      "integrity": "sha512-NcdALwpXkTm5Zvvbk7owOUSvVvBKDgKP5/ewfXEznmQFfs4ZRmanOeKBTjRVjka3QFoN6XJ+9F3USqfHqTaU5w=="
    },
    "lodash": {
      "version": "4.17.4",
      "resolved": "https://registry.npmjs.org/lodash/-/lodash-4.17.4.tgz",
      "integrity": "sha1-eCA6TRwyiuHYbcpkYONptX9AVa4="
    },
    "minimist": {
      "version": "0.0.8",
      "resolved": "https://registry.npmjs.org/minimist/-/minimist-0.0.8.tgz",
      "integrity": "sha1-hX/Kv8M5fSYluCKCYuhqp6ARsF0="
    },
    "mkdirp": {
      "version": "0.5.1",
      "resolved": "https://registry.npmjs.org/mkdirp/-/mkdirp-0.5.1.tgz",
      "integrity": "sha1-MAV0OOrGz3+MR2fzhkjWaX11yQM=",
      "requires": {
        "minimist": "0.0.8"
      }
    },
    "moment": {
      "version": "2.18.1",
      "resolved": "https://registry.npmjs.org/moment/-/moment-2.18.1.tgz",
      "integrity": "sha1-w2GT3Tzhwu7SrbfIAtu8d6gbHA8="
    },
    "ms": {
      "version": "2.0.0",
      "resolved": "https://registry.npmjs.org/ms/-/ms-2.0.0.tgz",
      "integrity": "sha1-VgiurfwAvmwpAd9fmGF4jeDVl8g="
    },
    "source-map": {
      "version": "0.5.6",
      "resolved": "https://registry.npmjs.org/source-map/-/source-map-0.5.6.tgz",
      "integrity": "sha1-dc449SvwczxafwwRjYEzSiu19BI="
    },
    "stack-generator": {
      "version": "2.0.2",
      "resolved": "https://registry.npmjs.org/stack-generator/-/stack-generator-2.0.2.tgz",
      "integrity": "sha512-Qj3X+vY7qQ0OOLQomEihHk5SSnSPCI3z4RfB8kDk9lnzwznBODlkWODitEo8sHpp0a2VdSy3yuJkabNsQN5RGA==",
      "requires": {
        "stackframe": "1.0.4"
      }
    },
    "stackframe": {
      "version": "1.0.4",
      "resolved": "https://registry.npmjs.org/stackframe/-/stackframe-1.0.4.tgz",
      "integrity": "sha512-to7oADIniaYwS3MhtCa/sQhrxidCCQiF/qp4/m5iN3ipf0Y7Xlri0f6eG29r08aL7JYl8n32AF3Q5GYBZ7K8vw=="
    },
    "stacktrace-gps": {
      "version": "3.0.2",
      "resolved": "https://registry.npmjs.org/stacktrace-gps/-/stacktrace-gps-3.0.2.tgz",
      "integrity": "sha512-9o+nWhiz5wFnrB3hBHs2PTyYrS60M1vvpSzHxwxnIbtY2q9Nt51hZvhrG1+2AxD374ecwyS+IUwfkHRE/2zuGg==",
      "requires": {
        "source-map": "0.5.6",
        "stackframe": "1.0.4"
      }
    },
    "stacktrace-js": {
      "version": "2.0.0",
      "resolved": "https://registry.npmjs.org/stacktrace-js/-/stacktrace-js-2.0.0.tgz",
      "integrity": "sha1-d2ymRqlbxsayuQd2U2p/xyxt21g=",
      "requires": {
        "error-stack-parser": "2.0.1",
        "stack-generator": "2.0.2",
        "stacktrace-gps": "3.0.2"
      }
    },
    "ts-md5": {
      "version": "1.2.0",
      "resolved": "https://registry.npmjs.org/ts-md5/-/ts-md5-1.2.0.tgz",
      "integrity": "sha1-wws4UmG9J5YvdUUJZ18OlXiBBWk="
    }
  }
}
