{
  "name": "serenity-js",
  "version": "0.0.1",
  "dependencies": {
    "@types/graceful-fs": {
      "version": "2.0.29",
      "from": "@types/graceful-fs@2.0.29",
      "resolved": "https://registry.npmjs.org/@types/graceful-fs/-/graceful-fs-2.0.29.tgz"
    },
    "@types/lodash": {
      "version": "4.14.44",
      "from": "@types/lodash@4.14.44",
      "resolved": "https://registry.npmjs.org/@types/lodash/-/lodash-4.14.44.tgz"
    },
    "@types/mkdirp": {
      "version": "0.3.29",
      "from": "@types/mkdirp@0.3.29",
      "resolved": "https://registry.npmjs.org/@types/mkdirp/-/mkdirp-0.3.29.tgz"
    },
    "@types/node": {
      "version": "6.0.53",
      "from": "@types/node@6.0.53",
      "resolved": "https://registry.npmjs.org/@types/node/-/node-6.0.53.tgz"
    },
    "@types/selenium-webdriver": {
      "version": "2.53.39",
      "from": "@types/selenium-webdriver@2.53.39",
      "resolved": "https://registry.npmjs.org/@types/selenium-webdriver/-/selenium-webdriver-2.53.39.tgz"
    },
    "@types/stack-trace": {
      "version": "0.0.28",
      "from": "@types/stack-trace@0.0.28",
      "resolved": "https://registry.npmjs.org/@types/stack-trace/-/stack-trace-0.0.28.tgz"
    },
    "adm-zip": {
      "version": "0.4.7",
      "from": "adm-zip@>=0.4.7 <0.5.0",
      "resolved": "https://registry.npmjs.org/adm-zip/-/adm-zip-0.4.7.tgz"
    },
    "balanced-match": {
      "version": "0.4.2",
      "from": "balanced-match@>=0.4.1 <0.5.0",
      "resolved": "https://registry.npmjs.org/balanced-match/-/balanced-match-0.4.2.tgz"
    },
    "brace-expansion": {
      "version": "1.1.6",
      "from": "brace-expansion@>=1.0.0 <2.0.0",
      "resolved": "https://registry.npmjs.org/brace-expansion/-/brace-expansion-1.1.6.tgz"
    },
    "concat-map": {
      "version": "0.0.1",
      "from": "concat-map@0.0.1",
      "resolved": "https://registry.npmjs.org/concat-map/-/concat-map-0.0.1.tgz"
    },
    "fs.realpath": {
      "version": "1.0.0",
      "from": "fs.realpath@>=1.0.0 <2.0.0",
      "resolved": "https://registry.npmjs.org/fs.realpath/-/fs.realpath-1.0.0.tgz"
    },
    "glob": {
      "version": "7.1.1",
      "from": "glob@>=7.0.5 <8.0.0",
      "resolved": "https://registry.npmjs.org/glob/-/glob-7.1.1.tgz"
    },
    "graceful-fs": {
      "version": "4.1.11",
      "from": "graceful-fs@4.1.11",
      "resolved": "https://registry.npmjs.org/graceful-fs/-/graceful-fs-4.1.11.tgz"
    },
    "inflight": {
      "version": "1.0.6",
      "from": "inflight@>=1.0.4 <2.0.0",
      "resolved": "https://registry.npmjs.org/inflight/-/inflight-1.0.6.tgz"
    },
    "inherits": {
      "version": "2.0.3",
      "from": "inherits@>=2.0.0 <3.0.0",
      "resolved": "https://registry.npmjs.org/inherits/-/inherits-2.0.3.tgz"
    },
    "is-generator": {
      "version": "1.0.3",
      "from": "is-generator@1.0.3",
      "resolved": "https://registry.npmjs.org/is-generator/-/is-generator-1.0.3.tgz"
    },
    "lodash": {
      "version": "4.17.2",
      "from": "lodash@4.17.2",
      "resolved": "https://registry.npmjs.org/lodash/-/lodash-4.17.2.tgz"
    },
    "minimatch": {
      "version": "3.0.3",
      "from": "minimatch@>=3.0.2 <4.0.0",
      "resolved": "https://registry.npmjs.org/minimatch/-/minimatch-3.0.3.tgz"
    },
    "minimist": {
      "version": "0.0.8",
      "from": "minimist@0.0.8",
      "resolved": "https://registry.npmjs.org/minimist/-/minimist-0.0.8.tgz"
    },
    "mkdirp": {
      "version": "0.5.1",
      "from": "mkdirp@0.5.1",
      "resolved": "https://registry.npmjs.org/mkdirp/-/mkdirp-0.5.1.tgz"
    },
    "moment": {
      "version": "2.17.1",
      "from": "moment@2.17.1",
      "resolved": "https://registry.npmjs.org/moment/-/moment-2.17.1.tgz"
    },
    "once": {
      "version": "1.4.0",
      "from": "once@>=1.3.0 <2.0.0",
      "resolved": "https://registry.npmjs.org/once/-/once-1.4.0.tgz"
    },
    "os-tmpdir": {
      "version": "1.0.2",
      "from": "os-tmpdir@>=1.0.1 <1.1.0",
      "resolved": "https://registry.npmjs.org/os-tmpdir/-/os-tmpdir-1.0.2.tgz"
    },
    "path-is-absolute": {
      "version": "1.0.1",
      "from": "path-is-absolute@>=1.0.0 <2.0.0",
      "resolved": "https://registry.npmjs.org/path-is-absolute/-/path-is-absolute-1.0.1.tgz"
    },
    "rimraf": {
      "version": "2.5.4",
      "from": "rimraf@>=2.5.4 <3.0.0",
      "resolved": "https://registry.npmjs.org/rimraf/-/rimraf-2.5.4.tgz"
    },
    "sax": {
      "version": "1.2.1",
      "from": "sax@>=0.6.0",
      "resolved": "https://registry.npmjs.org/sax/-/sax-1.2.1.tgz"
    },
    "selenium-webdriver": {
      "version": "3.0.1",
      "from": "selenium-webdriver@3.0.1",
      "resolved": "https://registry.npmjs.org/selenium-webdriver/-/selenium-webdriver-3.0.1.tgz"
    },
    "stack-trace": {
      "version": "0.0.9",
      "from": "stack-trace@0.0.9",
      "resolved": "https://registry.npmjs.org/stack-trace/-/stack-trace-0.0.9.tgz"
    },
    "tmp": {
      "version": "0.0.30",
      "from": "tmp@0.0.30",
      "resolved": "https://registry.npmjs.org/tmp/-/tmp-0.0.30.tgz"
    },
    "ts-md5": {
      "version": "1.2.0",
      "from": "ts-md5@1.2.0",
      "resolved": "https://registry.npmjs.org/ts-md5/-/ts-md5-1.2.0.tgz"
    },
    "util-arity": {
      "version": "1.0.2",
      "from": "util-arity@1.0.2",
      "resolved": "https://registry.npmjs.org/util-arity/-/util-arity-1.0.2.tgz"
    },
    "wrappy": {
      "version": "1.0.2",
      "from": "wrappy@>=1.0.0 <2.0.0",
      "resolved": "https://registry.npmjs.org/wrappy/-/wrappy-1.0.2.tgz"
    },
    "xml2js": {
      "version": "0.4.17",
      "from": "xml2js@>=0.4.17 <0.5.0",
      "resolved": "https://registry.npmjs.org/xml2js/-/xml2js-0.4.17.tgz"
    },
    "xmlbuilder": {
      "version": "4.2.1",
      "from": "xmlbuilder@>=4.1.0 <5.0.0",
      "resolved": "https://registry.npmjs.org/xmlbuilder/-/xmlbuilder-4.2.1.tgz"
    }
  }
}
