{
	"name": "@serenity-js/cucumber-2",
	"version": "1.4.0",
	"lockfileVersion": 1,
	"requires": true,
	"dependencies": {
		"@types/cucumber": {
			"version": "2.0.0",
			"resolved": "https://registry.npmjs.org/@types/cucumber/-/cucumber-2.0.0.tgz",
			"integrity": "sha1-w0n9mJeeiVtktisFxLX3HHdHmM4=",
			"dev": true
		},
		"@types/glob": {
			"version": "5.0.30",
			"resolved": "https://registry.npmjs.org/@types/glob/-/glob-5.0.30.tgz",
			"integrity": "sha1-ECZAnFYlqGiQdGAoCNCCsoZ7ilE=",
			"dev": true,
			"requires": {
				"@types/minimatch": "3.0.3",
				"@types/node": "11.11.0"
			}
		},
		"@types/lodash": {
			"version": "4.14.55",
			"resolved": "https://registry.npmjs.org/@types/lodash/-/lodash-4.14.55.tgz",
			"integrity": "sha1-ddfU66Ag7kED1MvQ8qPvXbj3U08=",
			"dev": true
		},
		"@types/minimatch": {
			"version": "3.0.3",
			"resolved": "https://registry.npmjs.org/@types/minimatch/-/minimatch-3.0.3.tgz",
			"integrity": "sha512-tHq6qdbT9U1IRSGf14CL0pUlULksvY9OZ+5eEgl1N7t+OA3tGvNpxJCzuKQlsNgCVwbAs670L1vcVQi8j9HjnA==",
			"dev": true
		},
		"@types/node": {
			"version": "11.11.0",
			"resolved": "https://registry.npmjs.org/@types/node/-/node-11.11.0.tgz",
			"integrity": "sha512-D5Rt+HXgEywr3RQJcGlZUCTCx1qVbCZpVk3/tOOA6spLNZdGm8BU+zRgdRYDoF1pO3RuXLxADzMrF903JlQXqg==",
			"dev": true
		},
		"balanced-match": {
			"version": "1.0.0",
			"resolved": "https://registry.npmjs.org/balanced-match/-/balanced-match-1.0.0.tgz",
			"integrity": "sha1-ibTRmasr7kneFk6gK4nORi1xt2c="
		},
		"brace-expansion": {
			"version": "1.1.11",
			"resolved": "https://registry.npmjs.org/brace-expansion/-/brace-expansion-1.1.11.tgz",
			"integrity": "sha512-iCuPHDFgrHX7H2vEI/5xpz07zSHB00TpugqhmYtVmMO6518mCuRMoOYFldEBl0g187ufozdaHgWKcYFb61qGiA==",
			"requires": {
				"balanced-match": "1.0.0",
				"concat-map": "0.0.1"
			}
		},
		"concat-map": {
			"version": "0.0.1",
			"resolved": "https://registry.npmjs.org/concat-map/-/concat-map-0.0.1.tgz",
			"integrity": "sha1-2Klr13/Wjfd5OnMDajug1UBdR3s="
		},
		"cucumber": {
			"version": "2.0.0-rc.9",
			"resolved": "https://registry.npmjs.org/cucumber/-/cucumber-2.0.0-rc.9.tgz",
			"integrity": "sha1-Jn3AgKeUgnu0KYcL98NT5GtwS3Q=",
			"dev": true,
			"requires": {
				"assertion-error-formatter": "2.0.1",
				"babel-runtime": "6.26.0",
				"bluebird": "3.5.3",
				"cli-table": "0.3.1",
				"colors": "1.3.3",
				"commander": "2.19.0",
				"cucumber-expressions": "3.0.0",
				"cucumber-tag-expressions": "1.1.1",
				"duration": "0.2.2",
				"figures": "2.0.0",
				"gherkin": "4.1.3",
				"glob": "7.1.3",
				"indent-string": "3.2.0",
				"is-generator": "1.0.3",
				"is-stream": "1.1.0",
				"lodash": "4.17.11",
				"mz": "2.7.0",
				"stack-chain": "1.3.7",
				"stacktrace-js": "1.3.1",
				"string-argv": "0.0.2",
				"upper-case-first": "1.1.2",
				"util-arity": "1.1.0",
				"verror": "1.10.0"
			},
			"dependencies": {
				"any-promise": {
					"version": "1.3.0",
					"resolved": "https://registry.npmjs.org/any-promise/-/any-promise-1.3.0.tgz",
					"integrity": "sha1-q8av7tzqUugJzcA3au0845Y10X8=",
					"dev": true
				},
				"assert-plus": {
					"version": "1.0.0",
					"resolved": "https://registry.npmjs.org/assert-plus/-/assert-plus-1.0.0.tgz",
					"integrity": "sha1-8S4PPF13sLHN2RRpQuTpbB5N1SU=",
					"dev": true
				},
				"assertion-error-formatter": {
					"version": "2.0.1",
					"resolved": "https://registry.npmjs.org/assertion-error-formatter/-/assertion-error-formatter-2.0.1.tgz",
					"integrity": "sha512-cjC3jUCh9spkroKue5PDSKH5RFQ/KNuZJhk3GwHYmB/8qqETxLOmMdLH+ohi/VukNzxDlMvIe7zScvLoOdhb6Q==",
					"dev": true,
					"requires": {
						"diff": "3.5.0",
						"pad-right": "0.2.2",
						"repeat-string": "1.6.1"
					}
				},
				"babel-runtime": {
					"version": "6.26.0",
					"resolved": "https://registry.npmjs.org/babel-runtime/-/babel-runtime-6.26.0.tgz",
					"integrity": "sha1-llxwWGaOgrVde/4E/yM3vItWR/4=",
					"dev": true,
					"requires": {
						"core-js": "2.6.5",
						"regenerator-runtime": "0.11.1"
					}
				},
				"balanced-match": {
					"version": "1.0.0",
					"resolved": "https://registry.npmjs.org/balanced-match/-/balanced-match-1.0.0.tgz",
					"integrity": "sha1-ibTRmasr7kneFk6gK4nORi1xt2c=",
					"dev": true
				},
				"bluebird": {
					"version": "3.5.3",
					"resolved": "https://registry.npmjs.org/bluebird/-/bluebird-3.5.3.tgz",
					"integrity": "sha512-/qKPUQlaW1OyR51WeCPBvRnAlnZFUJkCSG5HzGnuIqhgyJtF+T94lFnn33eiazjRm2LAHVy2guNnaq48X9SJuw==",
					"dev": true
				},
				"brace-expansion": {
					"version": "1.1.11",
					"resolved": "https://registry.npmjs.org/brace-expansion/-/brace-expansion-1.1.11.tgz",
					"integrity": "sha512-iCuPHDFgrHX7H2vEI/5xpz07zSHB00TpugqhmYtVmMO6518mCuRMoOYFldEBl0g187ufozdaHgWKcYFb61qGiA==",
					"dev": true,
					"requires": {
						"balanced-match": "1.0.0",
						"concat-map": "0.0.1"
					}
				},
				"cli-table": {
					"version": "0.3.1",
					"resolved": "https://registry.npmjs.org/cli-table/-/cli-table-0.3.1.tgz",
					"integrity": "sha1-9TsFJmqLGguTSz0IIebi3FkUriM=",
					"dev": true,
					"requires": {
						"colors": "1.0.3"
					},
					"dependencies": {
						"colors": {
							"version": "1.0.3",
							"resolved": "https://registry.npmjs.org/colors/-/colors-1.0.3.tgz",
							"integrity": "sha1-BDP0TYCWgP3rYO0mDxsMJi6CpAs=",
							"dev": true
						}
					}
				},
				"colors": {
					"version": "1.3.3",
					"resolved": "https://registry.npmjs.org/colors/-/colors-1.3.3.tgz",
					"integrity": "sha512-mmGt/1pZqYRjMxB1axhTo16/snVZ5krrKkcmMeVKxzECMMXoCgnvTPp10QgHfcbQZw8Dq2jMNG6je4JlWU0gWg==",
					"dev": true
				},
				"commander": {
					"version": "2.19.0",
					"resolved": "https://registry.npmjs.org/commander/-/commander-2.19.0.tgz",
					"integrity": "sha512-6tvAOO+D6OENvRAh524Dh9jcfKTYDQAqvqezbCW82xj5X0pSrcpxtvRKHLG0yBY6SD7PSDrJaj+0AiOcKVd1Xg==",
					"dev": true
				},
				"concat-map": {
					"version": "0.0.1",
					"resolved": "https://registry.npmjs.org/concat-map/-/concat-map-0.0.1.tgz",
					"integrity": "sha1-2Klr13/Wjfd5OnMDajug1UBdR3s=",
					"dev": true
				},
				"core-js": {
					"version": "2.6.5",
					"resolved": "https://registry.npmjs.org/core-js/-/core-js-2.6.5.tgz",
					"integrity": "sha512-klh/kDpwX8hryYL14M9w/xei6vrv6sE8gTHDG7/T/+SEovB/G4ejwcfE/CBzO6Edsu+OETZMZ3wcX/EjUkrl5A==",
					"dev": true
				},
				"core-util-is": {
					"version": "1.0.2",
					"resolved": "https://registry.npmjs.org/core-util-is/-/core-util-is-1.0.2.tgz",
					"integrity": "sha1-tf1UIgqivFq1eqtxQMlAdUUDwac=",
					"dev": true
				},
				"cucumber-expressions": {
					"version": "3.0.0",
					"resolved": "https://registry.npmjs.org/cucumber-expressions/-/cucumber-expressions-3.0.0.tgz",
					"integrity": "sha1-TPQkgT2uOWzJ2rcUuBBLRZvvwyw=",
					"dev": true
				},
				"cucumber-tag-expressions": {
					"version": "1.1.1",
					"resolved": "https://registry.npmjs.org/cucumber-tag-expressions/-/cucumber-tag-expressions-1.1.1.tgz",
					"integrity": "sha1-f1x7cACbwrZmWRv+ZIVFeL7e6Fo=",
					"dev": true
				},
				"d": {
					"version": "1.0.0",
					"resolved": "https://registry.npmjs.org/d/-/d-1.0.0.tgz",
					"integrity": "sha1-dUu1v+VUUdpppYuU1F9MWwRi1Y8=",
					"dev": true,
					"requires": {
						"es5-ext": "0.10.48"
					}
				},
				"diff": {
					"version": "3.5.0",
					"resolved": "https://registry.npmjs.org/diff/-/diff-3.5.0.tgz",
					"integrity": "sha512-A46qtFgd+g7pDZinpnwiRJtxbC1hpgf0uzP3iG89scHk0AUC7A1TGxf5OiiOUv/JMZR8GOt8hL900hV0bOy5xA==",
					"dev": true
				},
				"duration": {
					"version": "0.2.2",
					"resolved": "https://registry.npmjs.org/duration/-/duration-0.2.2.tgz",
					"integrity": "sha512-06kgtea+bGreF5eKYgI/36A6pLXggY7oR4p1pq4SmdFBn1ReOL5D8RhG64VrqfTTKNucqqtBAwEj8aB88mcqrg==",
					"dev": true,
					"requires": {
						"d": "1.0.0",
						"es5-ext": "0.10.48"
					}
				},
				"error-stack-parser": {
					"version": "1.3.6",
					"resolved": "https://registry.npmjs.org/error-stack-parser/-/error-stack-parser-1.3.6.tgz",
					"integrity": "sha1-4Oc7k+QXE40c18C3RrGkoUhUwpI=",
					"dev": true,
					"requires": {
						"stackframe": "0.3.1"
					}
				},
				"es5-ext": {
					"version": "0.10.48",
					"resolved": "https://registry.npmjs.org/es5-ext/-/es5-ext-0.10.48.tgz",
					"integrity": "sha512-CdRvPlX/24Mj5L4NVxTs4804sxiS2CjVprgCmrgoDkdmjdY4D+ySHa7K3jJf8R40dFg0tIm3z/dk326LrnuSGw==",
					"dev": true,
					"requires": {
						"es6-iterator": "2.0.3",
						"es6-symbol": "3.1.1",
						"next-tick": "1.0.0"
					}
				},
				"es6-iterator": {
					"version": "2.0.3",
					"resolved": "https://registry.npmjs.org/es6-iterator/-/es6-iterator-2.0.3.tgz",
					"integrity": "sha1-p96IkUGgWpSwhUQDstCg+/qY87c=",
					"dev": true,
					"requires": {
						"d": "1.0.0",
						"es5-ext": "0.10.48",
						"es6-symbol": "3.1.1"
					}
				},
				"es6-symbol": {
					"version": "3.1.1",
					"resolved": "https://registry.npmjs.org/es6-symbol/-/es6-symbol-3.1.1.tgz",
					"integrity": "sha1-vwDvT9q2uhtG7Le2KbTH7VcVzHc=",
					"dev": true,
					"requires": {
						"d": "1.0.0",
						"es5-ext": "0.10.48"
					}
				},
				"escape-string-regexp": {
					"version": "1.0.5",
					"resolved": "https://registry.npmjs.org/escape-string-regexp/-/escape-string-regexp-1.0.5.tgz",
					"integrity": "sha1-G2HAViGQqN/2rjuyzwIAyhMLhtQ=",
					"dev": true
				},
				"extsprintf": {
					"version": "1.4.0",
					"resolved": "https://registry.npmjs.org/extsprintf/-/extsprintf-1.4.0.tgz",
					"integrity": "sha1-4mifjzVvrWLMplo6kcXfX5VRaS8=",
					"dev": true
				},
				"figures": {
					"version": "2.0.0",
					"resolved": "https://registry.npmjs.org/figures/-/figures-2.0.0.tgz",
					"integrity": "sha1-OrGi0qYsi/tDGgyUy3l6L84nyWI=",
					"dev": true,
					"requires": {
						"escape-string-regexp": "1.0.5"
					}
				},
				"fs.realpath": {
					"version": "1.0.0",
					"resolved": "https://registry.npmjs.org/fs.realpath/-/fs.realpath-1.0.0.tgz",
					"integrity": "sha1-FQStJSMVjKpA20onh8sBQRmU6k8=",
					"dev": true
				},
				"gherkin": {
					"version": "4.1.3",
					"resolved": "https://registry.npmjs.org/gherkin/-/gherkin-4.1.3.tgz",
					"integrity": "sha1-EWh9uTl235djMSWmsiKKGkv9+iQ=",
					"dev": true
				},
				"glob": {
					"version": "7.1.3",
					"resolved": "https://registry.npmjs.org/glob/-/glob-7.1.3.tgz",
					"integrity": "sha512-vcfuiIxogLV4DlGBHIUOwI0IbrJ8HWPc4MU7HzviGeNho/UJDfi6B5p3sHeWIQ0KGIU0Jpxi5ZHxemQfLkkAwQ==",
					"dev": true,
					"requires": {
						"fs.realpath": "1.0.0",
						"inflight": "1.0.6",
						"inherits": "2.0.3",
						"minimatch": "3.0.4",
						"once": "1.4.0",
						"path-is-absolute": "1.0.1"
					}
				},
				"indent-string": {
					"version": "3.2.0",
					"resolved": "https://registry.npmjs.org/indent-string/-/indent-string-3.2.0.tgz",
					"integrity": "sha1-Sl/W0nzDMvN+VBmlBNu4NxBckok=",
					"dev": true
				},
				"inflight": {
					"version": "1.0.6",
					"resolved": "https://registry.npmjs.org/inflight/-/inflight-1.0.6.tgz",
					"integrity": "sha1-Sb1jMdfQLQwJvJEKEHW6gWW1bfk=",
					"dev": true,
					"requires": {
						"once": "1.4.0",
						"wrappy": "1.0.2"
					}
				},
				"inherits": {
					"version": "2.0.3",
					"resolved": "https://registry.npmjs.org/inherits/-/inherits-2.0.3.tgz",
					"integrity": "sha1-Yzwsg+PaQqUC9SRmAiSA9CCCYd4=",
					"dev": true
				},
				"is-generator": {
					"version": "1.0.3",
					"resolved": "https://registry.npmjs.org/is-generator/-/is-generator-1.0.3.tgz",
					"integrity": "sha1-wUwhBX7TbjKNuANHlmxpP4hjifM=",
					"dev": true
				},
				"is-stream": {
					"version": "1.1.0",
					"resolved": "https://registry.npmjs.org/is-stream/-/is-stream-1.1.0.tgz",
					"integrity": "sha1-EtSj3U5o4Lec6428hBc66A2RykQ=",
					"dev": true
				},
				"lodash": {
					"version": "4.17.11",
					"resolved": "https://registry.npmjs.org/lodash/-/lodash-4.17.11.tgz",
					"integrity": "sha512-cQKh8igo5QUhZ7lg38DYWAxMvjSAKG0A8wGSVimP07SIUEK2UO+arSRKbRZWtelMtN5V0Hkwh5ryOto/SshYIg==",
					"dev": true
				},
				"minimatch": {
					"version": "3.0.4",
					"resolved": "https://registry.npmjs.org/minimatch/-/minimatch-3.0.4.tgz",
					"integrity": "sha512-yJHVQEhyqPLUTgt9B83PXu6W3rx4MvvHvSUvToogpwoGDOUQ+yDrR0HRot+yOCdCO7u4hX3pWft6kWBBcqh0UA==",
					"dev": true,
					"requires": {
						"brace-expansion": "1.1.11"
					}
				},
				"mz": {
					"version": "2.7.0",
					"resolved": "https://registry.npmjs.org/mz/-/mz-2.7.0.tgz",
					"integrity": "sha512-z81GNO7nnYMEhrGh9LeymoE4+Yr0Wn5McHIZMK5cfQCl+NDX08sCZgUc9/6MHni9IWuFLm1Z3HTCXu2z9fN62Q==",
					"dev": true,
					"requires": {
						"any-promise": "1.3.0",
						"object-assign": "4.1.1",
						"thenify-all": "1.6.0"
					}
				},
				"next-tick": {
					"version": "1.0.0",
					"resolved": "https://registry.npmjs.org/next-tick/-/next-tick-1.0.0.tgz",
					"integrity": "sha1-yobR/ogoFpsBICCOPchCS524NCw=",
					"dev": true
				},
				"object-assign": {
					"version": "4.1.1",
					"resolved": "https://registry.npmjs.org/object-assign/-/object-assign-4.1.1.tgz",
					"integrity": "sha1-IQmtx5ZYh8/AXLvUQsrIv7s2CGM=",
					"dev": true
				},
				"once": {
					"version": "1.4.0",
					"resolved": "https://registry.npmjs.org/once/-/once-1.4.0.tgz",
					"integrity": "sha1-WDsap3WWHUsROsF9nFC6753Xa9E=",
					"dev": true,
					"requires": {
						"wrappy": "1.0.2"
					}
				},
				"pad-right": {
					"version": "0.2.2",
					"resolved": "https://registry.npmjs.org/pad-right/-/pad-right-0.2.2.tgz",
					"integrity": "sha1-b7ySQEXSRPKiokRQMGDTv8YAl3Q=",
					"dev": true,
					"requires": {
						"repeat-string": "1.6.1"
					}
				},
				"path-is-absolute": {
					"version": "1.0.1",
					"resolved": "https://registry.npmjs.org/path-is-absolute/-/path-is-absolute-1.0.1.tgz",
					"integrity": "sha1-F0uSaHNVNP+8es5r9TpanhtcX18=",
					"dev": true
				},
				"regenerator-runtime": {
					"version": "0.11.1",
					"resolved": "https://registry.npmjs.org/regenerator-runtime/-/regenerator-runtime-0.11.1.tgz",
					"integrity": "sha512-MguG95oij0fC3QV3URf4V2SDYGJhJnJGqvIIgdECeODCT98wSWDAJ94SSuVpYQUoTcGUIL6L4yNB7j1DFFHSBg==",
					"dev": true
				},
				"repeat-string": {
					"version": "1.6.1",
					"resolved": "https://registry.npmjs.org/repeat-string/-/repeat-string-1.6.1.tgz",
					"integrity": "sha1-jcrkcOHIirwtYA//Sndihtp15jc=",
					"dev": true
				},
				"source-map": {
					"version": "0.5.6",
					"resolved": "https://registry.npmjs.org/source-map/-/source-map-0.5.6.tgz",
					"integrity": "sha1-dc449SvwczxafwwRjYEzSiu19BI=",
					"dev": true
				},
				"stack-chain": {
					"version": "1.3.7",
					"resolved": "https://registry.npmjs.org/stack-chain/-/stack-chain-1.3.7.tgz",
					"integrity": "sha1-0ZLJ/06moiyUxN1FkXHj8AzqEoU=",
					"dev": true
				},
				"stack-generator": {
					"version": "1.1.0",
					"resolved": "https://registry.npmjs.org/stack-generator/-/stack-generator-1.1.0.tgz",
					"integrity": "sha1-NvapIHUabBD0maE8Msu19RoLiyU=",
					"dev": true,
					"requires": {
						"stackframe": "1.0.4"
					},
					"dependencies": {
						"stackframe": {
							"version": "1.0.4",
							"resolved": "https://registry.npmjs.org/stackframe/-/stackframe-1.0.4.tgz",
							"integrity": "sha512-to7oADIniaYwS3MhtCa/sQhrxidCCQiF/qp4/m5iN3ipf0Y7Xlri0f6eG29r08aL7JYl8n32AF3Q5GYBZ7K8vw==",
							"dev": true
						}
					}
				},
				"stackframe": {
					"version": "0.3.1",
					"resolved": "https://registry.npmjs.org/stackframe/-/stackframe-0.3.1.tgz",
					"integrity": "sha1-M6qE8Rd6VUjIk1Uzy/6zQgl19aQ=",
					"dev": true
				},
				"stacktrace-gps": {
					"version": "2.4.4",
					"resolved": "https://registry.npmjs.org/stacktrace-gps/-/stacktrace-gps-2.4.4.tgz",
					"integrity": "sha1-acgn6dbW9Bz0ONfxleLjy/zyjEQ=",
					"dev": true,
					"requires": {
						"source-map": "0.5.6",
						"stackframe": "0.3.1"
					}
				},
				"stacktrace-js": {
					"version": "1.3.1",
					"resolved": "https://registry.npmjs.org/stacktrace-js/-/stacktrace-js-1.3.1.tgz",
					"integrity": "sha1-Z8qyWJr1xBe5Yvc2mUAne7O2oYs=",
					"dev": true,
					"requires": {
						"error-stack-parser": "1.3.6",
						"stack-generator": "1.1.0",
						"stacktrace-gps": "2.4.4"
					}
				},
				"string-argv": {
					"version": "0.0.2",
					"resolved": "https://registry.npmjs.org/string-argv/-/string-argv-0.0.2.tgz",
					"integrity": "sha1-2sMECGkMIfPDYwo/86BYd73L1zY=",
					"dev": true
				},
				"thenify": {
					"version": "3.3.0",
					"resolved": "https://registry.npmjs.org/thenify/-/thenify-3.3.0.tgz",
					"integrity": "sha1-5p44obq+lpsBCCB5eLn2K4hgSDk=",
					"dev": true,
					"requires": {
						"any-promise": "1.3.0"
					}
				},
				"thenify-all": {
					"version": "1.6.0",
					"resolved": "https://registry.npmjs.org/thenify-all/-/thenify-all-1.6.0.tgz",
					"integrity": "sha1-GhkY1ALY/D+Y+/I02wvMjMEOlyY=",
					"dev": true,
					"requires": {
						"thenify": "3.3.0"
					}
				},
				"upper-case": {
					"version": "1.1.3",
					"resolved": "https://registry.npmjs.org/upper-case/-/upper-case-1.1.3.tgz",
					"integrity": "sha1-9rRQHC7EzdJrp4vnIilh3ndiFZg=",
					"dev": true
				},
				"upper-case-first": {
					"version": "1.1.2",
					"resolved": "https://registry.npmjs.org/upper-case-first/-/upper-case-first-1.1.2.tgz",
					"integrity": "sha1-XXm+3P8UQZUY/S7bCgUHybaFkRU=",
					"dev": true,
					"requires": {
						"upper-case": "1.1.3"
					}
				},
				"util-arity": {
					"version": "1.1.0",
					"resolved": "https://registry.npmjs.org/util-arity/-/util-arity-1.1.0.tgz",
					"integrity": "sha1-WdAa8f2z/t4KxOYysKtfbOl8kzA=",
					"dev": true
				},
				"verror": {
					"version": "1.10.0",
					"resolved": "https://registry.npmjs.org/verror/-/verror-1.10.0.tgz",
					"integrity": "sha1-OhBcoXBTr1XW4nDB+CiGguGNpAA=",
					"dev": true,
					"requires": {
						"assert-plus": "1.0.0",
						"core-util-is": "1.0.2",
						"extsprintf": "1.4.0"
					}
				},
				"wrappy": {
					"version": "1.0.2",
					"resolved": "https://registry.npmjs.org/wrappy/-/wrappy-1.0.2.tgz",
					"integrity": "sha1-tSQ9jz7BqjXxNkYFvA0QNuMKtp8=",
					"dev": true
				}
			}
		},
		"fs.realpath": {
			"version": "1.0.0",
			"resolved": "https://registry.npmjs.org/fs.realpath/-/fs.realpath-1.0.0.tgz",
			"integrity": "sha1-FQStJSMVjKpA20onh8sBQRmU6k8="
		},
		"glob": {
			"version": "7.1.1",
			"resolved": "https://registry.npmjs.org/glob/-/glob-7.1.1.tgz",
			"integrity": "sha1-gFIR3wT6rxxjo2ADBs31reULLsg=",
			"requires": {
				"fs.realpath": "1.0.0",
				"inflight": "1.0.6",
				"inherits": "2.0.3",
				"minimatch": "3.0.4",
				"once": "1.4.0",
				"path-is-absolute": "1.0.1"
			}
		},
		"inflight": {
			"version": "1.0.6",
			"resolved": "https://registry.npmjs.org/inflight/-/inflight-1.0.6.tgz",
			"integrity": "sha1-Sb1jMdfQLQwJvJEKEHW6gWW1bfk=",
			"requires": {
				"once": "1.4.0",
				"wrappy": "1.0.2"
			}
		},
		"inherits": {
			"version": "2.0.3",
			"resolved": "https://registry.npmjs.org/inherits/-/inherits-2.0.3.tgz",
			"integrity": "sha1-Yzwsg+PaQqUC9SRmAiSA9CCCYd4="
		},
		"lodash": {
			"version": "4.17.11",
			"resolved": "https://registry.npmjs.org/lodash/-/lodash-4.17.11.tgz",
			"integrity": "sha512-cQKh8igo5QUhZ7lg38DYWAxMvjSAKG0A8wGSVimP07SIUEK2UO+arSRKbRZWtelMtN5V0Hkwh5ryOto/SshYIg=="
		},
		"minimatch": {
			"version": "3.0.4",
			"resolved": "https://registry.npmjs.org/minimatch/-/minimatch-3.0.4.tgz",
			"integrity": "sha512-yJHVQEhyqPLUTgt9B83PXu6W3rx4MvvHvSUvToogpwoGDOUQ+yDrR0HRot+yOCdCO7u4hX3pWft6kWBBcqh0UA==",
			"requires": {
				"brace-expansion": "1.1.11"
			}
		},
		"once": {
			"version": "1.4.0",
			"resolved": "https://registry.npmjs.org/once/-/once-1.4.0.tgz",
			"integrity": "sha1-WDsap3WWHUsROsF9nFC6753Xa9E=",
			"requires": {
				"wrappy": "1.0.2"
			}
		},
		"path-is-absolute": {
			"version": "1.0.1",
			"resolved": "https://registry.npmjs.org/path-is-absolute/-/path-is-absolute-1.0.1.tgz",
			"integrity": "sha1-F0uSaHNVNP+8es5r9TpanhtcX18="
		},
		"wrappy": {
			"version": "1.0.2",
			"resolved": "https://registry.npmjs.org/wrappy/-/wrappy-1.0.2.tgz",
			"integrity": "sha1-tSQ9jz7BqjXxNkYFvA0QNuMKtp8="
		}
	}
}
