{
  "name": "@serenity-js/core",
  "version": "2.0.1-alpha.6",
  "lockfileVersion": 1,
  "requires": true,
  "dependencies": {
    "@types/cuid": {
      "version": "1.3.0",
      "resolved": "https://registry.npmjs.org/@types/cuid/-/cuid-1.3.0.tgz",
      "integrity": "sha1-ILDgDKVV31ZIZrxS0uJRv5DIjbc=",
      "dev": true
    },
    "cuid": {
      "version": "2.1.1",
      "resolved": "https://registry.npmjs.org/cuid/-/cuid-2.1.1.tgz",
      "integrity": "sha512-rF0ShwHPLQi5X1aNbQUw3IsCTtA+a0FeZsmmfJsHZxuOBgBk4BAGDDb55K+GCQSzqrSDZH0vQ7OIs38DfDlkqA=="
    },
    "fast-extend": {
      "version": "0.0.2",
      "resolved": "https://registry.npmjs.org/fast-extend/-/fast-extend-0.0.2.tgz",
      "integrity": "sha1-9exCz0C5Rg9SGmOH37Ut7u1nHb0=",
      "dev": true
    },
    "fs-monkey": {
      "version": "0.3.3",
      "resolved": "https://registry.npmjs.org/fs-monkey/-/fs-monkey-0.3.3.tgz",
      "integrity": "sha512-FNUvuTAJ3CqCQb5ELn+qCbGR/Zllhf2HtwsdAtBi59s1WeCjKMT81fHcSu7dwIskqGVK+MmOrb7VOBlq3/SItw==",
      "dev": true
    },
    "memfs": {
      "version": "2.15.0",
      "resolved": "https://registry.npmjs.org/memfs/-/memfs-2.15.0.tgz",
      "integrity": "sha512-vktLqfHB1K4I9oiWlG4VjbztEreU5LqgnTnlVimr4bKNhJwjTmKg5+eYIimmNiKVUolTUrWSy2k/KEyqqLqZrQ==",
      "dev": true,
      "requires": {
        "fast-extend": "0.0.2",
        "fs-monkey": "^0.3.3"
      }
    },
    "upath": {
      "version": "1.1.0",
      "resolved": "https://registry.npmjs.org/upath/-/upath-1.1.0.tgz",
      "integrity": "sha512-bzpH/oBhoS/QI/YtbkqCg6VEiPYjSZtrHQM6/QnJS6OL9pKUFLqb3aFh4Scvwm45+7iAgiMkLhSbaZxUqmrprw=="
    }
  }
}
