{
	"name": "@serenity-js/core",
	"version": "1.6.0",
	"lockfileVersion": 1,
	"requires": true,
	"dependencies": {
		"@types/graceful-fs": {
			"version": "2.0.29",
			"resolved": "https://registry.npmjs.org/@types/graceful-fs/-/graceful-fs-2.0.29.tgz",
			"integrity": "sha1-+YMiNs75BrUBsYTcPVi99FTTewE=",
			"dev": true,
			"requires": {
				"@types/node": "11.11.0"
			}
		},
		"@types/lodash": {
			"version": "4.14.55",
			"resolved": "https://registry.npmjs.org/@types/lodash/-/lodash-4.14.55.tgz",
			"integrity": "sha1-ddfU66Ag7kED1MvQ8qPvXbj3U08=",
			"dev": true
		},
		"@types/mkdirp": {
			"version": "0.3.29",
			"resolved": "https://registry.npmjs.org/@types/mkdirp/-/mkdirp-0.3.29.tgz",
			"integrity": "sha1-fyrX7FX5FEgvybHsS7GuYCjUYGY=",
			"dev": true
		},
		"@types/node": {
			"version": "11.11.0",
			"resolved": "https://registry.npmjs.org/@types/node/-/node-11.11.0.tgz",
			"integrity": "sha512-D5Rt+HXgEywr3RQJcGlZUCTCx1qVbCZpVk3/tOOA6spLNZdGm8BU+zRgdRYDoF1pO3RuXLxADzMrF903JlQXqg==",
			"dev": true
		},
		"@types/stacktrace-js": {
			"version": "0.0.30",
			"resolved": "https://registry.npmjs.org/@types/stacktrace-js/-/stacktrace-js-0.0.30.tgz",
			"integrity": "sha1-ft1W/mqzgKHd612XrUy803ns5hk=",
			"dev": true
		},
		"error-stack-parser": {
			"version": "2.0.2",
			"resolved": "https://registry.npmjs.org/error-stack-parser/-/error-stack-parser-2.0.2.tgz",
			"integrity": "sha512-E1fPutRDdIj/hohG0UpT5mayXNCxXP9d+snxFsPU9X0XgccOumKraa3juDMwTUyi7+Bu5+mCGagjg4IYeNbOdw==",
			"requires": {
				"stackframe": "1.0.4"
			}
		},
		"graceful-fs": {
			"version": "4.1.11",
			"resolved": "https://registry.npmjs.org/graceful-fs/-/graceful-fs-4.1.11.tgz",
			"integrity": "sha1-Dovf5NHduIVNZOBOp8AOKgJuVlg="
		},
		"lodash": {
			"version": "4.17.11",
			"resolved": "https://registry.npmjs.org/lodash/-/lodash-4.17.11.tgz",
			"integrity": "sha512-cQKh8igo5QUhZ7lg38DYWAxMvjSAKG0A8wGSVimP07SIUEK2UO+arSRKbRZWtelMtN5V0Hkwh5ryOto/SshYIg=="
		},
		"minimist": {
			"version": "0.0.8",
			"resolved": "https://registry.npmjs.org/minimist/-/minimist-0.0.8.tgz",
			"integrity": "sha1-hX/Kv8M5fSYluCKCYuhqp6ARsF0="
		},
		"mkdirp": {
			"version": "0.5.1",
			"resolved": "https://registry.npmjs.org/mkdirp/-/mkdirp-0.5.1.tgz",
			"integrity": "sha1-MAV0OOrGz3+MR2fzhkjWaX11yQM=",
			"requires": {
				"minimist": "0.0.8"
			}
		},
		"moment": {
			"version": "2.19.3",
			"resolved": "https://registry.npmjs.org/moment/-/moment-2.19.3.tgz",
			"integrity": "sha1-vbmdJw1tf9p4zA+6zoVeJ/59pp8="
		},
		"source-map": {
			"version": "0.5.6",
			"resolved": "https://registry.npmjs.org/source-map/-/source-map-0.5.6.tgz",
			"integrity": "sha1-dc449SvwczxafwwRjYEzSiu19BI="
		},
		"stack-generator": {
			"version": "2.0.3",
			"resolved": "https://registry.npmjs.org/stack-generator/-/stack-generator-2.0.3.tgz",
			"integrity": "sha512-kdzGoqrnqsMxOEuXsXyQTmvWXZmG0f3Ql2GDx5NtmZs59sT2Bt9Vdyq0XdtxUi58q/+nxtbF9KOQ9HkV1QznGg==",
			"requires": {
				"stackframe": "1.0.4"
			}
		},
		"stackframe": {
			"version": "1.0.4",
			"resolved": "https://registry.npmjs.org/stackframe/-/stackframe-1.0.4.tgz",
			"integrity": "sha512-to7oADIniaYwS3MhtCa/sQhrxidCCQiF/qp4/m5iN3ipf0Y7Xlri0f6eG29r08aL7JYl8n32AF3Q5GYBZ7K8vw=="
		},
		"stacktrace-gps": {
			"version": "3.0.2",
			"resolved": "https://registry.npmjs.org/stacktrace-gps/-/stacktrace-gps-3.0.2.tgz",
			"integrity": "sha512-9o+nWhiz5wFnrB3hBHs2PTyYrS60M1vvpSzHxwxnIbtY2q9Nt51hZvhrG1+2AxD374ecwyS+IUwfkHRE/2zuGg==",
			"requires": {
				"source-map": "0.5.6",
				"stackframe": "1.0.4"
			}
		},
		"stacktrace-js": {
			"version": "2.0.0",
			"resolved": "https://registry.npmjs.org/stacktrace-js/-/stacktrace-js-2.0.0.tgz",
			"integrity": "sha1-d2ymRqlbxsayuQd2U2p/xyxt21g=",
			"requires": {
				"error-stack-parser": "2.0.2",
				"stack-generator": "2.0.3",
				"stacktrace-gps": "3.0.2"
			}
		},
		"ts-md5": {
			"version": "1.2.0",
			"resolved": "https://registry.npmjs.org/ts-md5/-/ts-md5-1.2.0.tgz",
			"integrity": "sha1-wws4UmG9J5YvdUUJZ18OlXiBBWk="
		}
	}
}
