{
	"name": "@serenity-js-examples/cucumber-domain-level-testing",
	"version": "2.0.1-alpha.58",
	"lockfileVersion": 1,
	"requires": true,
	"dependencies": {
		"cucumber": {
			"version": "5.0.1",
			"resolved": "https://registry.npmjs.org/cucumber/-/cucumber-5.0.1.tgz",
			"integrity": "sha512-sY9zW1E6G60b7bhUpPEcuJDfAowKgAPabMtr6+8tn2iMeBtF37hiKJvZIS/FO/KBvrxRJ5HDriLP3905NXcbDQ==",
			"dev": true,
			"requires": {
				"assertion-error-formatter": "^2.0.1",
				"babel-runtime": "^6.11.6",
				"bluebird": "^3.4.1",
				"cli-table3": "^0.5.1",
				"colors": "^1.1.2",
				"commander": "^2.9.0",
				"cucumber-expressions": "^6.0.0",
				"cucumber-tag-expressions": "^1.1.1",
				"duration": "^0.2.1",
				"escape-string-regexp": "^1.0.5",
				"figures": "2.0.0",
				"gherkin": "^5.0.0",
				"glob": "^7.0.0",
				"indent-string": "^3.1.0",
				"is-generator": "^1.0.2",
				"is-stream": "^1.1.0",
				"knuth-shuffle-seeded": "^1.0.6",
				"lodash": "^4.17.10",
				"mz": "^2.4.0",
				"progress": "^2.0.0",
				"resolve": "^1.3.3",
				"serialize-error": "^2.1.0",
				"stack-chain": "^2.0.0",
				"stacktrace-js": "^2.0.0",
				"string-argv": "0.1.1",
				"title-case": "^2.1.1",
				"util-arity": "^1.0.2",
				"verror": "^1.9.0"
			},
			"dependencies": {
				"ansi-regex": {
					"version": "3.0.0",
					"resolved": "https://registry.npmjs.org/ansi-regex/-/ansi-regex-3.0.0.tgz",
					"integrity": "sha1-7QMXwyIGT3lGbAKWa922Bas32Zg=",
					"dev": true
				},
				"any-promise": {
					"version": "1.3.0",
					"resolved": "https://registry.npmjs.org/any-promise/-/any-promise-1.3.0.tgz",
					"integrity": "sha1-q8av7tzqUugJzcA3au0845Y10X8=",
					"dev": true
				},
				"assert-plus": {
					"version": "1.0.0",
					"resolved": "https://registry.npmjs.org/assert-plus/-/assert-plus-1.0.0.tgz",
					"integrity": "sha1-8S4PPF13sLHN2RRpQuTpbB5N1SU=",
					"dev": true
				},
				"assertion-error-formatter": {
					"version": "2.0.1",
					"resolved": "https://registry.npmjs.org/assertion-error-formatter/-/assertion-error-formatter-2.0.1.tgz",
					"integrity": "sha512-cjC3jUCh9spkroKue5PDSKH5RFQ/KNuZJhk3GwHYmB/8qqETxLOmMdLH+ohi/VukNzxDlMvIe7zScvLoOdhb6Q==",
					"dev": true,
					"requires": {
						"diff": "^3.0.0",
						"pad-right": "^0.2.2",
						"repeat-string": "^1.6.1"
					}
				},
				"babel-runtime": {
					"version": "6.26.0",
					"resolved": "https://registry.npmjs.org/babel-runtime/-/babel-runtime-6.26.0.tgz",
					"integrity": "sha1-llxwWGaOgrVde/4E/yM3vItWR/4=",
					"dev": true,
					"requires": {
						"core-js": "^2.4.0",
						"regenerator-runtime": "^0.11.0"
					}
				},
				"balanced-match": {
					"version": "1.0.0",
					"resolved": "https://registry.npmjs.org/balanced-match/-/balanced-match-1.0.0.tgz",
					"integrity": "sha1-ibTRmasr7kneFk6gK4nORi1xt2c=",
					"dev": true
				},
				"becke-ch--regex--s0-0-v1--base--pl--lib": {
					"version": "1.4.0",
					"resolved": "https://registry.npmjs.org/becke-ch--regex--s0-0-v1--base--pl--lib/-/becke-ch--regex--s0-0-v1--base--pl--lib-1.4.0.tgz",
					"integrity": "sha1-Qpzuu/pffpNueNc/vcfacWKyDiA=",
					"dev": true
				},
				"bluebird": {
					"version": "3.5.4",
					"resolved": "https://registry.npmjs.org/bluebird/-/bluebird-3.5.4.tgz",
					"integrity": "sha512-FG+nFEZChJrbQ9tIccIfZJBz3J7mLrAhxakAbnrJWn8d7aKOC+LWifa0G+p4ZqKp4y13T7juYvdhq9NzKdsrjw==",
					"dev": true
				},
				"brace-expansion": {
					"version": "1.1.11",
					"resolved": "https://registry.npmjs.org/brace-expansion/-/brace-expansion-1.1.11.tgz",
					"integrity": "sha512-iCuPHDFgrHX7H2vEI/5xpz07zSHB00TpugqhmYtVmMO6518mCuRMoOYFldEBl0g187ufozdaHgWKcYFb61qGiA==",
					"dev": true,
					"requires": {
						"balanced-match": "^1.0.0",
						"concat-map": "0.0.1"
					}
				},
				"cli-table3": {
					"version": "0.5.1",
					"resolved": "https://registry.npmjs.org/cli-table3/-/cli-table3-0.5.1.tgz",
					"integrity": "sha512-7Qg2Jrep1S/+Q3EceiZtQcDPWxhAvBw+ERf1162v4sikJrvojMHFqXt8QIVha8UlH9rgU0BeWPytZ9/TzYqlUw==",
					"dev": true,
					"requires": {
						"colors": "^1.1.2",
						"object-assign": "^4.1.0",
						"string-width": "^2.1.1"
					}
				},
				"colors": {
					"version": "1.3.3",
					"resolved": "https://registry.npmjs.org/colors/-/colors-1.3.3.tgz",
					"integrity": "sha512-mmGt/1pZqYRjMxB1axhTo16/snVZ5krrKkcmMeVKxzECMMXoCgnvTPp10QgHfcbQZw8Dq2jMNG6je4JlWU0gWg==",
					"dev": true
				},
				"commander": {
					"version": "2.20.0",
					"resolved": "https://registry.npmjs.org/commander/-/commander-2.20.0.tgz",
					"integrity": "sha512-7j2y+40w61zy6YC2iRNpUe/NwhNyoXrYpHMrSunaMG64nRnaf96zO/KMQR4OyN/UnE5KLyEBnKHd4aG3rskjpQ==",
					"dev": true
				},
				"concat-map": {
					"version": "0.0.1",
					"resolved": "https://registry.npmjs.org/concat-map/-/concat-map-0.0.1.tgz",
					"integrity": "sha1-2Klr13/Wjfd5OnMDajug1UBdR3s=",
					"dev": true
				},
				"core-js": {
					"version": "2.6.5",
					"resolved": "https://registry.npmjs.org/core-js/-/core-js-2.6.5.tgz",
					"integrity": "sha512-klh/kDpwX8hryYL14M9w/xei6vrv6sE8gTHDG7/T/+SEovB/G4ejwcfE/CBzO6Edsu+OETZMZ3wcX/EjUkrl5A==",
					"dev": true
				},
				"core-util-is": {
					"version": "1.0.2",
					"resolved": "https://registry.npmjs.org/core-util-is/-/core-util-is-1.0.2.tgz",
					"integrity": "sha1-tf1UIgqivFq1eqtxQMlAdUUDwac=",
					"dev": true
				},
				"cucumber-expressions": {
					"version": "6.0.1",
					"resolved": "https://registry.npmjs.org/cucumber-expressions/-/cucumber-expressions-6.0.1.tgz",
					"integrity": "sha1-R8nFc3gcL/ch161bLNHJf0OZq44=",
					"dev": true,
					"requires": {
						"becke-ch--regex--s0-0-v1--base--pl--lib": "^1.2.0"
					}
				},
				"cucumber-tag-expressions": {
					"version": "1.1.1",
					"resolved": "https://registry.npmjs.org/cucumber-tag-expressions/-/cucumber-tag-expressions-1.1.1.tgz",
					"integrity": "sha1-f1x7cACbwrZmWRv+ZIVFeL7e6Fo=",
					"dev": true
				},
				"d": {
					"version": "1.0.0",
					"resolved": "https://registry.npmjs.org/d/-/d-1.0.0.tgz",
					"integrity": "sha1-dUu1v+VUUdpppYuU1F9MWwRi1Y8=",
					"dev": true,
					"requires": {
						"es5-ext": "^0.10.9"
					}
				},
				"diff": {
					"version": "3.5.0",
					"resolved": "https://registry.npmjs.org/diff/-/diff-3.5.0.tgz",
					"integrity": "sha512-A46qtFgd+g7pDZinpnwiRJtxbC1hpgf0uzP3iG89scHk0AUC7A1TGxf5OiiOUv/JMZR8GOt8hL900hV0bOy5xA==",
					"dev": true
				},
				"duration": {
					"version": "0.2.2",
					"resolved": "https://registry.npmjs.org/duration/-/duration-0.2.2.tgz",
					"integrity": "sha512-06kgtea+bGreF5eKYgI/36A6pLXggY7oR4p1pq4SmdFBn1ReOL5D8RhG64VrqfTTKNucqqtBAwEj8aB88mcqrg==",
					"dev": true,
					"requires": {
						"d": "1",
						"es5-ext": "~0.10.46"
					}
				},
				"error-stack-parser": {
					"version": "2.0.2",
					"resolved": "https://registry.npmjs.org/error-stack-parser/-/error-stack-parser-2.0.2.tgz",
					"integrity": "sha512-E1fPutRDdIj/hohG0UpT5mayXNCxXP9d+snxFsPU9X0XgccOumKraa3juDMwTUyi7+Bu5+mCGagjg4IYeNbOdw==",
					"dev": true,
					"requires": {
						"stackframe": "^1.0.4"
					}
				},
				"es5-ext": {
					"version": "0.10.49",
					"resolved": "https://registry.npmjs.org/es5-ext/-/es5-ext-0.10.49.tgz",
					"integrity": "sha512-3NMEhi57E31qdzmYp2jwRArIUsj1HI/RxbQ4bgnSB+AIKIxsAmTiK83bYMifIcpWvEc3P1X30DhUKOqEtF/kvg==",
					"dev": true,
					"requires": {
						"es6-iterator": "~2.0.3",
						"es6-symbol": "~3.1.1",
						"next-tick": "^1.0.0"
					}
				},
				"es6-iterator": {
					"version": "2.0.3",
					"resolved": "https://registry.npmjs.org/es6-iterator/-/es6-iterator-2.0.3.tgz",
					"integrity": "sha1-p96IkUGgWpSwhUQDstCg+/qY87c=",
					"dev": true,
					"requires": {
						"d": "1",
						"es5-ext": "^0.10.35",
						"es6-symbol": "^3.1.1"
					}
				},
				"es6-symbol": {
					"version": "3.1.1",
					"resolved": "https://registry.npmjs.org/es6-symbol/-/es6-symbol-3.1.1.tgz",
					"integrity": "sha1-vwDvT9q2uhtG7Le2KbTH7VcVzHc=",
					"dev": true,
					"requires": {
						"d": "1",
						"es5-ext": "~0.10.14"
					}
				},
				"escape-string-regexp": {
					"version": "1.0.5",
					"resolved": "https://registry.npmjs.org/escape-string-regexp/-/escape-string-regexp-1.0.5.tgz",
					"integrity": "sha1-G2HAViGQqN/2rjuyzwIAyhMLhtQ=",
					"dev": true
				},
				"extsprintf": {
					"version": "1.4.0",
					"resolved": "https://registry.npmjs.org/extsprintf/-/extsprintf-1.4.0.tgz",
					"integrity": "sha1-4mifjzVvrWLMplo6kcXfX5VRaS8=",
					"dev": true
				},
				"figures": {
					"version": "2.0.0",
					"resolved": "https://registry.npmjs.org/figures/-/figures-2.0.0.tgz",
					"integrity": "sha1-OrGi0qYsi/tDGgyUy3l6L84nyWI=",
					"dev": true,
					"requires": {
						"escape-string-regexp": "^1.0.5"
					}
				},
				"fs.realpath": {
					"version": "1.0.0",
					"resolved": "https://registry.npmjs.org/fs.realpath/-/fs.realpath-1.0.0.tgz",
					"integrity": "sha1-FQStJSMVjKpA20onh8sBQRmU6k8=",
					"dev": true
				},
				"gherkin": {
					"version": "5.1.0",
					"resolved": "https://registry.npmjs.org/gherkin/-/gherkin-5.1.0.tgz",
					"integrity": "sha1-aEu7A63STq9731RPWAM+so+zxtU=",
					"dev": true
				},
				"glob": {
					"version": "7.1.3",
					"resolved": "https://registry.npmjs.org/glob/-/glob-7.1.3.tgz",
					"integrity": "sha512-vcfuiIxogLV4DlGBHIUOwI0IbrJ8HWPc4MU7HzviGeNho/UJDfi6B5p3sHeWIQ0KGIU0Jpxi5ZHxemQfLkkAwQ==",
					"dev": true,
					"requires": {
						"fs.realpath": "^1.0.0",
						"inflight": "^1.0.4",
						"inherits": "2",
						"minimatch": "^3.0.4",
						"once": "^1.3.0",
						"path-is-absolute": "^1.0.0"
					}
				},
				"indent-string": {
					"version": "3.2.0",
					"resolved": "https://registry.npmjs.org/indent-string/-/indent-string-3.2.0.tgz",
					"integrity": "sha1-Sl/W0nzDMvN+VBmlBNu4NxBckok=",
					"dev": true
				},
				"inflight": {
					"version": "1.0.6",
					"resolved": "https://registry.npmjs.org/inflight/-/inflight-1.0.6.tgz",
					"integrity": "sha1-Sb1jMdfQLQwJvJEKEHW6gWW1bfk=",
					"dev": true,
					"requires": {
						"once": "^1.3.0",
						"wrappy": "1"
					}
				},
				"inherits": {
					"version": "2.0.3",
					"resolved": "https://registry.npmjs.org/inherits/-/inherits-2.0.3.tgz",
					"integrity": "sha1-Yzwsg+PaQqUC9SRmAiSA9CCCYd4=",
					"dev": true
				},
				"is-fullwidth-code-point": {
					"version": "2.0.0",
					"resolved": "https://registry.npmjs.org/is-fullwidth-code-point/-/is-fullwidth-code-point-2.0.0.tgz",
					"integrity": "sha1-o7MKXE8ZkYMWeqq5O+764937ZU8=",
					"dev": true
				},
				"is-generator": {
					"version": "1.0.3",
					"resolved": "https://registry.npmjs.org/is-generator/-/is-generator-1.0.3.tgz",
					"integrity": "sha1-wUwhBX7TbjKNuANHlmxpP4hjifM=",
					"dev": true
				},
				"is-stream": {
					"version": "1.1.0",
					"resolved": "https://registry.npmjs.org/is-stream/-/is-stream-1.1.0.tgz",
					"integrity": "sha1-EtSj3U5o4Lec6428hBc66A2RykQ=",
					"dev": true
				},
				"knuth-shuffle-seeded": {
					"version": "1.0.6",
					"resolved": "https://registry.npmjs.org/knuth-shuffle-seeded/-/knuth-shuffle-seeded-1.0.6.tgz",
					"integrity": "sha1-AfG2VzOqdUDuCNiwF0Fk0iCB5OE=",
					"dev": true,
					"requires": {
						"seed-random": "~2.2.0"
					}
				},
				"lodash": {
					"version": "4.17.11",
					"resolved": "https://registry.npmjs.org/lodash/-/lodash-4.17.11.tgz",
					"integrity": "sha512-cQKh8igo5QUhZ7lg38DYWAxMvjSAKG0A8wGSVimP07SIUEK2UO+arSRKbRZWtelMtN5V0Hkwh5ryOto/SshYIg==",
					"dev": true
				},
				"lower-case": {
					"version": "1.1.4",
					"resolved": "https://registry.npmjs.org/lower-case/-/lower-case-1.1.4.tgz",
					"integrity": "sha1-miyr0bno4K6ZOkv31YdcOcQujqw=",
					"dev": true
				},
				"minimatch": {
					"version": "3.0.4",
					"resolved": "https://registry.npmjs.org/minimatch/-/minimatch-3.0.4.tgz",
					"integrity": "sha512-yJHVQEhyqPLUTgt9B83PXu6W3rx4MvvHvSUvToogpwoGDOUQ+yDrR0HRot+yOCdCO7u4hX3pWft6kWBBcqh0UA==",
					"dev": true,
					"requires": {
						"brace-expansion": "^1.1.7"
					}
				},
				"mz": {
					"version": "2.7.0",
					"resolved": "https://registry.npmjs.org/mz/-/mz-2.7.0.tgz",
					"integrity": "sha512-z81GNO7nnYMEhrGh9LeymoE4+Yr0Wn5McHIZMK5cfQCl+NDX08sCZgUc9/6MHni9IWuFLm1Z3HTCXu2z9fN62Q==",
					"dev": true,
					"requires": {
						"any-promise": "^1.0.0",
						"object-assign": "^4.0.1",
						"thenify-all": "^1.0.0"
					}
				},
				"next-tick": {
					"version": "1.0.0",
					"resolved": "https://registry.npmjs.org/next-tick/-/next-tick-1.0.0.tgz",
					"integrity": "sha1-yobR/ogoFpsBICCOPchCS524NCw=",
					"dev": true
				},
				"no-case": {
					"version": "2.3.2",
					"resolved": "https://registry.npmjs.org/no-case/-/no-case-2.3.2.tgz",
					"integrity": "sha512-rmTZ9kz+f3rCvK2TD1Ue/oZlns7OGoIWP4fc3llxxRXlOkHKoWPPWJOfFYpITabSow43QJbRIoHQXtt10VldyQ==",
					"dev": true,
					"requires": {
						"lower-case": "^1.1.1"
					}
				},
				"object-assign": {
					"version": "4.1.1",
					"resolved": "https://registry.npmjs.org/object-assign/-/object-assign-4.1.1.tgz",
					"integrity": "sha1-IQmtx5ZYh8/AXLvUQsrIv7s2CGM=",
					"dev": true
				},
				"once": {
					"version": "1.4.0",
					"resolved": "https://registry.npmjs.org/once/-/once-1.4.0.tgz",
					"integrity": "sha1-WDsap3WWHUsROsF9nFC6753Xa9E=",
					"dev": true,
					"requires": {
						"wrappy": "1"
					}
				},
				"pad-right": {
					"version": "0.2.2",
					"resolved": "https://registry.npmjs.org/pad-right/-/pad-right-0.2.2.tgz",
					"integrity": "sha1-b7ySQEXSRPKiokRQMGDTv8YAl3Q=",
					"dev": true,
					"requires": {
						"repeat-string": "^1.5.2"
					}
				},
				"path-is-absolute": {
					"version": "1.0.1",
					"resolved": "https://registry.npmjs.org/path-is-absolute/-/path-is-absolute-1.0.1.tgz",
					"integrity": "sha1-F0uSaHNVNP+8es5r9TpanhtcX18=",
					"dev": true
				},
				"path-parse": {
					"version": "1.0.6",
					"resolved": "https://registry.npmjs.org/path-parse/-/path-parse-1.0.6.tgz",
					"integrity": "sha512-GSmOT2EbHrINBf9SR7CDELwlJ8AENk3Qn7OikK4nFYAu3Ote2+JYNVvkpAEQm3/TLNEJFD/xZJjzyxg3KBWOzw==",
					"dev": true
				},
				"progress": {
					"version": "2.0.3",
					"resolved": "https://registry.npmjs.org/progress/-/progress-2.0.3.tgz",
					"integrity": "sha512-7PiHtLll5LdnKIMw100I+8xJXR5gW2QwWYkT6iJva0bXitZKa/XMrSbdmg3r2Xnaidz9Qumd0VPaMrZlF9V9sA==",
					"dev": true
				},
				"regenerator-runtime": {
					"version": "0.11.1",
					"resolved": "https://registry.npmjs.org/regenerator-runtime/-/regenerator-runtime-0.11.1.tgz",
					"integrity": "sha512-MguG95oij0fC3QV3URf4V2SDYGJhJnJGqvIIgdECeODCT98wSWDAJ94SSuVpYQUoTcGUIL6L4yNB7j1DFFHSBg==",
					"dev": true
				},
				"repeat-string": {
					"version": "1.6.1",
					"resolved": "https://registry.npmjs.org/repeat-string/-/repeat-string-1.6.1.tgz",
					"integrity": "sha1-jcrkcOHIirwtYA//Sndihtp15jc=",
					"dev": true
				},
				"resolve": {
					"version": "1.10.1",
					"resolved": "https://registry.npmjs.org/resolve/-/resolve-1.10.1.tgz",
					"integrity": "sha512-KuIe4mf++td/eFb6wkaPbMDnP6kObCaEtIDuHOUED6MNUo4K670KZUHuuvYPZDxNF0WVLw49n06M2m2dXphEzA==",
					"dev": true,
					"requires": {
						"path-parse": "^1.0.6"
					}
				},
				"seed-random": {
					"version": "2.2.0",
					"resolved": "https://registry.npmjs.org/seed-random/-/seed-random-2.2.0.tgz",
					"integrity": "sha1-KpsZ4lCoFwmSMaW5mk2vgLf77VQ=",
					"dev": true
				},
				"serialize-error": {
					"version": "2.1.0",
					"resolved": "https://registry.npmjs.org/serialize-error/-/serialize-error-2.1.0.tgz",
					"integrity": "sha1-ULZ51WNc34Rme9yOWa9OW4HV9go=",
					"dev": true
				},
				"source-map": {
					"version": "0.5.6",
					"resolved": "https://registry.npmjs.org/source-map/-/source-map-0.5.6.tgz",
					"integrity": "sha1-dc449SvwczxafwwRjYEzSiu19BI=",
					"dev": true
				},
				"stack-chain": {
					"version": "2.0.0",
					"resolved": "https://registry.npmjs.org/stack-chain/-/stack-chain-2.0.0.tgz",
					"integrity": "sha512-GGrHXePi305aW7XQweYZZwiRwR7Js3MWoK/EHzzB9ROdc75nCnjSJVi21rdAGxFl+yCx2L2qdfl5y7NO4lTyqg==",
					"dev": true
				},
				"stack-generator": {
					"version": "2.0.3",
					"resolved": "https://registry.npmjs.org/stack-generator/-/stack-generator-2.0.3.tgz",
					"integrity": "sha512-kdzGoqrnqsMxOEuXsXyQTmvWXZmG0f3Ql2GDx5NtmZs59sT2Bt9Vdyq0XdtxUi58q/+nxtbF9KOQ9HkV1QznGg==",
					"dev": true,
					"requires": {
						"stackframe": "^1.0.4"
					}
				},
				"stackframe": {
					"version": "1.0.4",
					"resolved": "https://registry.npmjs.org/stackframe/-/stackframe-1.0.4.tgz",
					"integrity": "sha512-to7oADIniaYwS3MhtCa/sQhrxidCCQiF/qp4/m5iN3ipf0Y7Xlri0f6eG29r08aL7JYl8n32AF3Q5GYBZ7K8vw==",
					"dev": true
				},
				"stacktrace-gps": {
					"version": "3.0.2",
					"resolved": "https://registry.npmjs.org/stacktrace-gps/-/stacktrace-gps-3.0.2.tgz",
					"integrity": "sha512-9o+nWhiz5wFnrB3hBHs2PTyYrS60M1vvpSzHxwxnIbtY2q9Nt51hZvhrG1+2AxD374ecwyS+IUwfkHRE/2zuGg==",
					"dev": true,
					"requires": {
						"source-map": "0.5.6",
						"stackframe": "^1.0.4"
					}
				},
				"stacktrace-js": {
					"version": "2.0.0",
					"resolved": "https://registry.npmjs.org/stacktrace-js/-/stacktrace-js-2.0.0.tgz",
					"integrity": "sha1-d2ymRqlbxsayuQd2U2p/xyxt21g=",
					"dev": true,
					"requires": {
						"error-stack-parser": "^2.0.1",
						"stack-generator": "^2.0.1",
						"stacktrace-gps": "^3.0.1"
					}
				},
				"string-argv": {
					"version": "0.1.1",
					"resolved": "https://registry.npmjs.org/string-argv/-/string-argv-0.1.1.tgz",
					"integrity": "sha512-El1Va5ehZ0XTj3Ekw4WFidXvTmt9SrC0+eigdojgtJMVtPkF0qbBe9fyNSl9eQf+kUHnTSQxdQYzuHfZy8V+DQ==",
					"dev": true
				},
				"string-width": {
					"version": "2.1.1",
					"resolved": "https://registry.npmjs.org/string-width/-/string-width-2.1.1.tgz",
					"integrity": "sha512-nOqH59deCq9SRHlxq1Aw85Jnt4w6KvLKqWVik6oA9ZklXLNIOlqg4F2yrT1MVaTjAqvVwdfeZ7w7aCvJD7ugkw==",
					"dev": true,
					"requires": {
						"is-fullwidth-code-point": "^2.0.0",
						"strip-ansi": "^4.0.0"
					}
				},
				"strip-ansi": {
					"version": "4.0.0",
					"resolved": "https://registry.npmjs.org/strip-ansi/-/strip-ansi-4.0.0.tgz",
					"integrity": "sha1-qEeQIusaw2iocTibY1JixQXuNo8=",
					"dev": true,
					"requires": {
						"ansi-regex": "^3.0.0"
					}
				},
				"thenify": {
					"version": "3.3.0",
					"resolved": "https://registry.npmjs.org/thenify/-/thenify-3.3.0.tgz",
					"integrity": "sha1-5p44obq+lpsBCCB5eLn2K4hgSDk=",
					"dev": true,
					"requires": {
						"any-promise": "^1.0.0"
					}
				},
				"thenify-all": {
					"version": "1.6.0",
					"resolved": "https://registry.npmjs.org/thenify-all/-/thenify-all-1.6.0.tgz",
					"integrity": "sha1-GhkY1ALY/D+Y+/I02wvMjMEOlyY=",
					"dev": true,
					"requires": {
						"thenify": ">= 3.1.0 < 4"
					}
				},
				"title-case": {
					"version": "2.1.1",
					"resolved": "https://registry.npmjs.org/title-case/-/title-case-2.1.1.tgz",
					"integrity": "sha1-PhJyFtpY0rxb7PE3q5Ha46fNj6o=",
					"dev": true,
					"requires": {
						"no-case": "^2.2.0",
						"upper-case": "^1.0.3"
					}
				},
				"upper-case": {
					"version": "1.1.3",
					"resolved": "https://registry.npmjs.org/upper-case/-/upper-case-1.1.3.tgz",
					"integrity": "sha1-9rRQHC7EzdJrp4vnIilh3ndiFZg=",
					"dev": true
				},
				"util-arity": {
					"version": "1.1.0",
					"resolved": "https://registry.npmjs.org/util-arity/-/util-arity-1.1.0.tgz",
					"integrity": "sha1-WdAa8f2z/t4KxOYysKtfbOl8kzA=",
					"dev": true
				},
				"verror": {
					"version": "1.10.0",
					"resolved": "https://registry.npmjs.org/verror/-/verror-1.10.0.tgz",
					"integrity": "sha1-OhBcoXBTr1XW4nDB+CiGguGNpAA=",
					"dev": true,
					"requires": {
						"assert-plus": "^1.0.0",
						"core-util-is": "1.0.2",
						"extsprintf": "^1.2.0"
					}
				},
				"wrappy": {
					"version": "1.0.2",
					"resolved": "https://registry.npmjs.org/wrappy/-/wrappy-1.0.2.tgz",
					"integrity": "sha1-tSQ9jz7BqjXxNkYFvA0QNuMKtp8=",
					"dev": true
				}
			}
		},
		"ts-node": {
			"version": "7.0.1",
			"resolved": "https://registry.npmjs.org/ts-node/-/ts-node-7.0.1.tgz",
			"integrity": "sha512-BVwVbPJRspzNh2yfslyT1PSbl5uIk03EZlb493RKHN4qej/D06n1cEhjlOJG69oFsE7OT8XjpTUcYf6pKTLMhw==",
			"dev": true,
			"requires": {
				"arrify": "^1.0.0",
				"buffer-from": "^1.1.0",
				"diff": "^3.1.0",
				"make-error": "^1.1.1",
				"minimist": "^1.2.0",
				"mkdirp": "^0.5.1",
				"source-map-support": "^0.5.6",
				"yn": "^2.0.0"
			},
			"dependencies": {
				"arrify": {
					"version": "1.0.1",
					"resolved": "https://registry.npmjs.org/arrify/-/arrify-1.0.1.tgz",
					"integrity": "sha1-iYUI2iIm84DfkEcoRWhJwVAaSw0=",
					"dev": true
				},
				"buffer-from": {
					"version": "1.1.1",
					"resolved": "https://registry.npmjs.org/buffer-from/-/buffer-from-1.1.1.tgz",
					"integrity": "sha512-MQcXEUbCKtEo7bhqEs6560Hyd4XaovZlO/k9V3hjVUF/zwW7KBVdSK4gIt/bzwS9MbR5qob+F5jusZsb0YQK2A==",
					"dev": true
				},
				"diff": {
					"version": "3.5.0",
					"resolved": "https://registry.npmjs.org/diff/-/diff-3.5.0.tgz",
					"integrity": "sha512-A46qtFgd+g7pDZinpnwiRJtxbC1hpgf0uzP3iG89scHk0AUC7A1TGxf5OiiOUv/JMZR8GOt8hL900hV0bOy5xA==",
					"dev": true
				},
				"make-error": {
					"version": "1.3.5",
					"resolved": "https://registry.npmjs.org/make-error/-/make-error-1.3.5.tgz",
					"integrity": "sha512-c3sIjNUow0+8swNwVpqoH4YCShKNFkMaw6oH1mNS2haDZQqkeZFlHS3dhoeEbKKmJB4vXpJucU6oH75aDYeE9g==",
					"dev": true
				},
				"minimist": {
					"version": "1.2.0",
					"resolved": "https://registry.npmjs.org/minimist/-/minimist-1.2.0.tgz",
					"integrity": "sha1-o1AIsg9BOD7sH7kU9M1d95omQoQ=",
					"dev": true
				},
				"mkdirp": {
					"version": "0.5.1",
					"resolved": "https://registry.npmjs.org/mkdirp/-/mkdirp-0.5.1.tgz",
					"integrity": "sha1-MAV0OOrGz3+MR2fzhkjWaX11yQM=",
					"dev": true,
					"requires": {
						"minimist": "0.0.8"
					},
					"dependencies": {
						"minimist": {
							"version": "0.0.8",
							"resolved": "https://registry.npmjs.org/minimist/-/minimist-0.0.8.tgz",
							"integrity": "sha1-hX/Kv8M5fSYluCKCYuhqp6ARsF0=",
							"dev": true
						}
					}
				},
				"source-map": {
					"version": "0.6.1",
					"resolved": "https://registry.npmjs.org/source-map/-/source-map-0.6.1.tgz",
					"integrity": "sha512-UjgapumWlbMhkBgzT7Ykc5YXUT46F0iKu8SGXq0bcwP5dz/h0Plj6enJqjz1Zbq2l5WaqYnrVbwWOWMyF3F47g==",
					"dev": true
				},
				"source-map-support": {
					"version": "0.5.12",
					"resolved": "https://registry.npmjs.org/source-map-support/-/source-map-support-0.5.12.tgz",
					"integrity": "sha512-4h2Pbvyy15EE02G+JOZpUCmqWJuqrs+sEkzewTm++BPi7Hvn/HwcqLAcNxYAyI0x13CpPPn+kMjl+hplXMHITQ==",
					"dev": true,
					"requires": {
						"buffer-from": "^1.0.0",
						"source-map": "^0.6.0"
					}
				},
				"yn": {
					"version": "2.0.0",
					"resolved": "https://registry.npmjs.org/yn/-/yn-2.0.0.tgz",
					"integrity": "sha1-5a2ryKz0CPY4X8dklWhMiOavaJo=",
					"dev": true
				}
			}
		}
	}
}
